
Microsoft Visual Studio Solution File, Format Version 12.00
# Visual Studio Version 17
VisualStudioVersion = 17.2.32317.152
MinimumVisualStudioVersion = 10.0.40219.1
Project("{FAE04EC0-301F-11D3-BF4B-00C04F79EFBC}") = "OpenSilverViewbox", "OpenSilverViewbox\OpenSilverViewbox.csproj", "{8130E55C-4939-47EB-AC1D-98D62632FD7E}"
EndProject
Project("{FAE04EC0-301F-11D3-BF4B-00C04F79EFBC}") = "OpenSilverViewbox.Browser", "OpenSilverViewbox.Browser\OpenSilverViewbox.Browser.csproj", "{94D7CA53-76E8-445E-94A4-6726BA331632}"
EndProject
Project("{FAE04EC0-301F-11D3-BF4B-00C04F79EFBC}") = "OpenSilverViewbox.Simulator", "OpenSilverViewbox.Simulator\OpenSilverViewbox.Simulator.csproj", "{BFF3D610-ED43-48AF-A263-CBE0A4AE9E54}"
EndProject
Global
	GlobalSection(SolutionConfigurationPlatforms) = preSolution
		Debug|Any CPU = Debug|Any CPU
		Release|Any CPU = Release|Any CPU
	EndGlobalSection
	GlobalSection(ProjectConfigurationPlatforms) = postSolution
		{8130E55C-4939-47EB-AC1D-98D62632FD7E}.Debug|Any CPU.ActiveCfg = Debug|Any CPU
		{8130E55C-4939-47EB-AC1D-98D62632FD7E}.Debug|Any CPU.Build.0 = Debug|Any CPU
		{8130E55C-4939-47EB-AC1D-98D62632FD7E}.Release|Any CPU.ActiveCfg = Release|Any CPU
		{8130E55C-4939-47EB-AC1D-98D62632FD7E}.Release|Any CPU.Build.0 = Release|Any CPU
		{94D7CA53-76E8-445E-94A4-6726BA331632}.Debug|Any CPU.ActiveCfg = Debug|Any CPU
		{94D7CA53-76E8-445E-94A4-6726BA331632}.Debug|Any CPU.Build.0 = Debug|Any CPU
		{94D7CA53-76E8-445E-94A4-6726BA331632}.Release|Any CPU.ActiveCfg = Release|Any CPU
		{94D7CA53-76E8-445E-94A4-6726BA331632}.Release|Any CPU.Build.0 = Release|Any CPU
		{BFF3D610-ED43-48AF-A263-CBE0A4AE9E54}.Debug|Any CPU.ActiveCfg = Debug|Any CPU
		{BFF3D610-ED43-48AF-A263-CBE0A4AE9E54}.Debug|Any CPU.Build.0 = Debug|Any CPU
		{BFF3D610-ED43-48AF-A263-CBE0A4AE9E54}.Release|Any CPU.ActiveCfg = Release|Any CPU
		{BFF3D610-ED43-48AF-A263-CBE0A4AE9E54}.Release|Any CPU.Build.0 = Release|Any CPU
	EndGlobalSection
	GlobalSection(SolutionProperties) = preSolution
		HideSolutionNode = FALSE
	EndGlobalSection
	GlobalSection(ExtensibilityGlobals) = postSolution
		SolutionGuid = {2CC201AB-9146-4C8F-B928-1949E3B1DD2D}
	EndGlobalSection
EndGlobal
